%{"concerto": {:hex, :concerto, "0.1.5", "4e6b90518a68f0d8873ae66f6e7068e62b97850d4f43991cfe85647dbed15485", [:mix], []},
  "concerto_plug": {:hex, :concerto_plug, "0.1.2", "56732a0209b5e241d36b1fcabe739c283b34091f998a208bbc07b2b39f08ff54", [:mix], [{:concerto, ">= 0.0.0", [hex: :concerto, optional: false]}, {:plug, ">= 0.0.0", [hex: :plug, optional: false]}]},
  "cowboy": {:hex, :cowboy, "1.0.4", "a324a8df9f2316c833a470d918aaf73ae894278b8aa6226ce7a9bf699388f878", [:make, :rebar], [{:cowlib, "~> 1.0.0", [hex: :cowlib, optional: false]}, {:ranch, "~> 1.0", [hex: :ranch, optional: false]}]},
  "cowlib": {:hex, :cowlib, "1.0.2", "9d769a1d062c9c3ac753096f868ca121e2730b9a377de23dec0f7e08b1df84ee", [:make], []},
  "fugue": {:hex, :fugue, "0.1.5", "25af8071cff5c625210ec3a5e47d95f05ee86c8c2224594c64cbf59ee9c71fbe", [:mix], [{:mimetype_parser, "~> 0.1.0", [hex: :mimetype_parser, optional: false]}, {:plug, ">= 1.2.0", [hex: :plug, optional: true]}, {:poison, ">= 0.0.0", [hex: :poison, optional: true]}]},
  "mazurka": {:hex, :mazurka, "1.0.5", "d5f410a1edac949dd3d85cef6385aeb38a778f45d979ee3d52e753f6aba3cbca", [:mix], [{:mimetype_parser, "~> 0.1.0", [hex: :mimetype_parser, optional: false]}]},
  "mazurka_plug": {:hex, :mazurka_plug, "0.1.3", "a4bf749716580e273efc973bc67fbfa8d48277173ba7d4907debaa8b5149419d", [:mix], [{:fugue, ">= 0.1.0", [hex: :fugue, optional: false]}, {:mazurka, ">= 1.0.0", [hex: :mazurka, optional: false]}, {:plug, ">= 0.0.0", [hex: :plug, optional: false]}, {:poison, ">= 2.2.0", [hex: :poison, optional: false]}]},
  "mime": {:hex, :mime, "1.0.1", "05c393850524767d13a53627df71beeebb016205eb43bfbd92d14d24ec7a1b51", [:mix], []},
  "mimetype_parser": {:hex, :mimetype_parser, "0.1.2", "221d2d3f727e89d80de5e1610fc2ce444514aa56f873da1b8fc9c033143e5d6a", [:mix], []},
  "plug": {:hex, :plug, "1.2.2", "cfbda521b54c92ab8ddffb173fbaabed8d8fc94bec07cd9bb58a84c1c501b0bd", [:mix], [{:cowboy, "~> 1.0", [hex: :cowboy, optional: true]}, {:mime, "~> 1.0", [hex: :mime, optional: false]}]},
  "plug_wait1": {:hex, :plug_wait1, "0.2.2", "fa49d8b7735545feb254c1d61e1e5901e67dc32bd0fc41ceb25f2b9cbd83a8b0", [:mix], [{:cowboy, ">= 1.0.0", [hex: :cowboy, optional: false]}, {:plug, "~> 1.2.0", [hex: :plug, optional: false]}, {:poison, "~> 2.2.0", [hex: :poison, optional: false]}]},
  "plug_x_forwarded_proto": {:hex, :plug_x_forwarded_proto, "0.1.0", "75de86f3b79fdc7433b41ba76d294ca13d4bfaa257639c76e46b359e51e48fa6", [:mix], [{:plug, ">= 0.0.0", [hex: :plug, optional: false]}]},
  "poe_api": {:hex, :poe_api, "0.2.1", "17a55c2780392ae3d1ae9ab70a7d29706603866751f6e2d01f5a360c30c06f5e", [:mix], [{:concerto, "~> 0.1.2", [hex: :concerto, optional: false]}, {:concerto_plug, "~> 0.1.0", [hex: :concerto_plug, optional: false]}, {:cowboy, "~> 1.0.0", [hex: :cowboy, optional: false]}, {:fugue, "~> 0.1.2", [hex: :fugue, optional: false]}, {:mazurka, "~> 1.0.0", [hex: :mazurka, optional: false]}, {:mazurka_plug, "~> 0.1.0", [hex: :mazurka_plug, optional: false]}, {:plug, "~> 1.2.0", [hex: :plug, optional: false]}, {:plug_wait1, "~> 0.2.1", [hex: :plug_wait1, optional: false]}, {:plug_x_forwarded_proto, "~> 0.1.0", [hex: :plug_x_forwarded_proto, optional: false]}, {:poison, "2.2.0", [hex: :poison, optional: false]}]},
  "poison": {:hex, :poison, "2.2.0", "4763b69a8a77bd77d26f477d196428b741261a761257ff1cf92753a0d4d24a63", [:mix], []},
  "ranch": {:hex, :ranch, "1.2.1", "a6fb992c10f2187b46ffd17ce398ddf8a54f691b81768f9ef5f461ea7e28c762", [:make], []},
  "rl": {:git, "https://github.com/camshaft/rl.git", "2f9b194fe6faf3681913bbdddb3ccfa338f869cd", []}}
